
Microsoft Visual Studio Solution File, Format Version 12.00
Project("{FAE04EC0-301F-11D3-BF4B-00C04F79EFBC}") = "Template.Domain", "Template.Domain\Template.Domain.csproj", "{7A3DD361-2EA7-4905-BD5D-5AD02B5E481F}"
EndProject
Project("{FAE04EC0-301F-11D3-BF4B-00C04F79EFBC}") = "Template.API", "Template.API\Template.API.csproj", "{D6B9197D-2CC6-4216-B0E6-4AB194050C26}"
EndProject
Project("{FAE04EC0-301F-11D3-BF4B-00C04F79EFBC}") = "Template.Infrastructe", "Template.Infrastructe\Template.Infrastructe.csproj", "{074FC4C3-854D-49A0-8C35-3A75136E2A7C}"
EndProject
Project("{FAE04EC0-301F-11D3-BF4B-00C04F79EFBC}") = "Template.Persistence", "Template.Persistence\Template.Persistence.csproj", "{97A99C2C-C978-4F9E-ABD7-1225C5A0F14A}"
EndProject
Project("{FAE04EC0-301F-11D3-BF4B-00C04F79EFBC}") = "Template.Application", "Template.Application\Template.Application.csproj", "{5B289BDE-C9CD-445A-AE7E-E0D7111C1AA6}"
EndProject
Project("{2150E333-8FDC-42A3-9474-1A3956D46DE8}") = "src", "src", "{4053BBA3-F7D6-483F-ACB9-A7A327968B1B}"
EndProject
Project("{2150E333-8FDC-42A3-9474-1A3956D46DE8}") = "Services", "Services", "{D58619DF-09E5-4CF7-81D0-F9C3F531BE99}"
EndProject
Project("{FAE04EC0-301F-11D3-BF4B-00C04F79EFBC}") = "SignalR", "SignalR\SignalR.csproj", "{569864E3-7A7C-4EE7-A541-C0505BB206BD}"
EndProject
Global
	GlobalSection(SolutionConfigurationPlatforms) = preSolution
		Debug|Any CPU = Debug|Any CPU
		Release|Any CPU = Release|Any CPU
	EndGlobalSection
	GlobalSection(ProjectConfigurationPlatforms) = postSolution
		{7A3DD361-2EA7-4905-BD5D-5AD02B5E481F}.Debug|Any CPU.ActiveCfg = Debug|Any CPU
		{7A3DD361-2EA7-4905-BD5D-5AD02B5E481F}.Debug|Any CPU.Build.0 = Debug|Any CPU
		{7A3DD361-2EA7-4905-BD5D-5AD02B5E481F}.Release|Any CPU.ActiveCfg = Release|Any CPU
		{7A3DD361-2EA7-4905-BD5D-5AD02B5E481F}.Release|Any CPU.Build.0 = Release|Any CPU
		{D6B9197D-2CC6-4216-B0E6-4AB194050C26}.Debug|Any CPU.ActiveCfg = Debug|Any CPU
		{D6B9197D-2CC6-4216-B0E6-4AB194050C26}.Debug|Any CPU.Build.0 = Debug|Any CPU
		{D6B9197D-2CC6-4216-B0E6-4AB194050C26}.Release|Any CPU.ActiveCfg = Release|Any CPU
		{D6B9197D-2CC6-4216-B0E6-4AB194050C26}.Release|Any CPU.Build.0 = Release|Any CPU
		{074FC4C3-854D-49A0-8C35-3A75136E2A7C}.Debug|Any CPU.ActiveCfg = Debug|Any CPU
		{074FC4C3-854D-49A0-8C35-3A75136E2A7C}.Debug|Any CPU.Build.0 = Debug|Any CPU
		{074FC4C3-854D-49A0-8C35-3A75136E2A7C}.Release|Any CPU.ActiveCfg = Release|Any CPU
		{074FC4C3-854D-49A0-8C35-3A75136E2A7C}.Release|Any CPU.Build.0 = Release|Any CPU
		{97A99C2C-C978-4F9E-ABD7-1225C5A0F14A}.Debug|Any CPU.ActiveCfg = Debug|Any CPU
		{97A99C2C-C978-4F9E-ABD7-1225C5A0F14A}.Debug|Any CPU.Build.0 = Debug|Any CPU
		{97A99C2C-C978-4F9E-ABD7-1225C5A0F14A}.Release|Any CPU.ActiveCfg = Release|Any CPU
		{97A99C2C-C978-4F9E-ABD7-1225C5A0F14A}.Release|Any CPU.Build.0 = Release|Any CPU
		{5B289BDE-C9CD-445A-AE7E-E0D7111C1AA6}.Debug|Any CPU.ActiveCfg = Debug|Any CPU
		{5B289BDE-C9CD-445A-AE7E-E0D7111C1AA6}.Debug|Any CPU.Build.0 = Debug|Any CPU
		{5B289BDE-C9CD-445A-AE7E-E0D7111C1AA6}.Release|Any CPU.ActiveCfg = Release|Any CPU
		{5B289BDE-C9CD-445A-AE7E-E0D7111C1AA6}.Release|Any CPU.Build.0 = Release|Any CPU
		{569864E3-7A7C-4EE7-A541-C0505BB206BD}.Debug|Any CPU.ActiveCfg = Debug|Any CPU
		{569864E3-7A7C-4EE7-A541-C0505BB206BD}.Debug|Any CPU.Build.0 = Debug|Any CPU
		{569864E3-7A7C-4EE7-A541-C0505BB206BD}.Release|Any CPU.ActiveCfg = Release|Any CPU
		{569864E3-7A7C-4EE7-A541-C0505BB206BD}.Release|Any CPU.Build.0 = Release|Any CPU
	EndGlobalSection
	GlobalSection(NestedProjects) = preSolution
		{D6B9197D-2CC6-4216-B0E6-4AB194050C26} = {4053BBA3-F7D6-483F-ACB9-A7A327968B1B}
		{5B289BDE-C9CD-445A-AE7E-E0D7111C1AA6} = {4053BBA3-F7D6-483F-ACB9-A7A327968B1B}
		{7A3DD361-2EA7-4905-BD5D-5AD02B5E481F} = {4053BBA3-F7D6-483F-ACB9-A7A327968B1B}
		{074FC4C3-854D-49A0-8C35-3A75136E2A7C} = {4053BBA3-F7D6-483F-ACB9-A7A327968B1B}
		{97A99C2C-C978-4F9E-ABD7-1225C5A0F14A} = {4053BBA3-F7D6-483F-ACB9-A7A327968B1B}
		{569864E3-7A7C-4EE7-A541-C0505BB206BD} = {D58619DF-09E5-4CF7-81D0-F9C3F531BE99}
	EndGlobalSection
EndGlobal
